
Microsoft Visual Studio Solution File, Format Version 12.00
# Visual Studio Version 17
VisualStudioVersion = 17.14.36623.8 d17.14
MinimumVisualStudioVersion = 10.0.40219.1
Project("{FAE04EC0-301F-11D3-BF4B-00C04F79EFBC}") = "MAD_PT_BCS23020015", "MAD_PT_BCS23020015\MAD_PT_BCS23020015.csproj", "{3064F8CE-A2A1-4C5A-9C3F-F77207243B32}"
EndProject
Global
	GlobalSection(SolutionConfigurationPlatforms) = preSolution
		Debug|Any CPU = Debug|Any CPU
		Release|Any CPU = Release|Any CPU
	EndGlobalSection
	GlobalSection(ProjectConfigurationPlatforms) = postSolution
		{3064F8CE-A2A1-4C5A-9C3F-F77207243B32}.Debug|Any CPU.ActiveCfg = Debug|Any CPU
		{3064F8CE-A2A1-4C5A-9C3F-F77207243B32}.Debug|Any CPU.Build.0 = Debug|Any CPU
		{3064F8CE-A2A1-4C5A-9C3F-F77207243B32}.Release|Any CPU.ActiveCfg = Release|Any CPU
		{3064F8CE-A2A1-4C5A-9C3F-F77207243B32}.Release|Any CPU.Build.0 = Release|Any CPU
	EndGlobalSection
	GlobalSection(SolutionProperties) = preSolution
		HideSolutionNode = FALSE
	EndGlobalSection
	GlobalSection(ExtensibilityGlobals) = postSolution
		SolutionGuid = {C28A6D31-06B1-4493-932A-62257A133CD8}
	EndGlobalSection
EndGlobal
